// !$*UTF8*$!
{
	archiveVersion = 1;
	classes = {
	};
	objectVersion = 50;
	objects = {

/* Begin PBXBuildFile section */
		617D1ABC26E9543F00AECF1A /* GameStorage.swift in Sources */ = {isa = PBXBuildFile; fileRef = 617D1ABB26E9543F00AECF1A /* GameStorage.swift */; };
		617D1ABF26E95C5900AECF1A /* GameScore.swift in Sources */ = {isa = PBXBuildFile; fileRef = 617D1ABE26E95C5900AECF1A /* GameScore.swift */; };
		617D1AC126E9711B00AECF1A /* GameStorageWithUserDefaults.swift in Sources */ = {isa = PBXBuildFile; fileRef = 617D1AC026E9711B00AECF1A /* GameStorageWithUserDefaults.swift */; };
		619281D326E4347F00F6450F /* GameConfiguration.swift in Sources */ = {isa = PBXBuildFile; fileRef = 619281D226E4347F00F6450F /* GameConfiguration.swift */; };
		61D4FBA226DFFC6100258861 /* GameConfigurationView.swift in Sources */ = {isa = PBXBuildFile; fileRef = 61D4FBA126DFFC6100258861 /* GameConfigurationView.swift */; };
		61D4FBA426DFFC8000258861 /* GameConfigurationViewController.swift in Sources */ = {isa = PBXBuildFile; fileRef = 61D4FBA326DFFC8000258861 /* GameConfigurationViewController.swift */; };
		61FEE71A26B8AD3D00FD8D01 /* AppDelegate.swift in Sources */ = {isa = PBXBuildFile; fileRef = 61FEE71926B8AD3D00FD8D01 /* AppDelegate.swift */; };
		61FEE71C26B8AD3D00FD8D01 /* SceneDelegate.swift in Sources */ = {isa = PBXBuildFile; fileRef = 61FEE71B26B8AD3D00FD8D01 /* SceneDelegate.swift */; };
		61FEE72126B8AD3D00FD8D01 /* Main.storyboard in Resources */ = {isa = PBXBuildFile; fileRef = 61FEE71F26B8AD3D00FD8D01 /* Main.storyboard */; };
		61FEE72326B8AD3E00FD8D01 /* Assets.xcassets in Resources */ = {isa = PBXBuildFile; fileRef = 61FEE72226B8AD3E00FD8D01 /* Assets.xcassets */; };
		61FEE72626B8AD3E00FD8D01 /* LaunchScreen.storyboard in Resources */ = {isa = PBXBuildFile; fileRef = 61FEE72426B8AD3E00FD8D01 /* LaunchScreen.storyboard */; };
		61FEE72E26B8AD9500FD8D01 /* GameViewController.swift in Sources */ = {isa = PBXBuildFile; fileRef = 61FEE72D26B8AD9500FD8D01 /* GameViewController.swift */; };
		61FEE73026B8AEFA00FD8D01 /* GameView.swift in Sources */ = {isa = PBXBuildFile; fileRef = 61FEE72F26B8AEFA00FD8D01 /* GameView.swift */; };
		61FEE73226B8C41B00FD8D01 /* GameController.swift in Sources */ = {isa = PBXBuildFile; fileRef = 61FEE73126B8C41B00FD8D01 /* GameController.swift */; };
		61FEE74226B8C5B900FD8D01 /* GunTurret.swift in Sources */ = {isa = PBXBuildFile; fileRef = 61FEE74126B8C5B900FD8D01 /* GunTurret.swift */; };
		61FEE74426B8C5C200FD8D01 /* Bullet.swift in Sources */ = {isa = PBXBuildFile; fileRef = 61FEE74326B8C5C200FD8D01 /* Bullet.swift */; };
		61FEE74626B8C5CB00FD8D01 /* Target.swift in Sources */ = {isa = PBXBuildFile; fileRef = 61FEE74526B8C5CB00FD8D01 /* Target.swift */; };
		61FEE74826B8C5D300FD8D01 /* FireControl.swift in Sources */ = {isa = PBXBuildFile; fileRef = 61FEE74726B8C5D300FD8D01 /* FireControl.swift */; };
		61FEE74A26B8C5D800FD8D01 /* FireControlView.swift in Sources */ = {isa = PBXBuildFile; fileRef = 61FEE74926B8C5D800FD8D01 /* FireControlView.swift */; };
		61FEE74C26B8C5DD00FD8D01 /* FireControlButton.swift in Sources */ = {isa = PBXBuildFile; fileRef = 61FEE74B26B8C5DD00FD8D01 /* FireControlButton.swift */; };
/* End PBXBuildFile section */

/* Begin PBXFileReference section */
		617D1ABB26E9543F00AECF1A /* GameStorage.swift */ = {isa = PBXFileReference; lastKnownFileType = sourcecode.swift; path = GameStorage.swift; sourceTree = "<group>"; };
		617D1ABE26E95C5900AECF1A /* GameScore.swift */ = {isa = PBXFileReference; lastKnownFileType = sourcecode.swift; path = GameScore.swift; sourceTree = "<group>"; };
		617D1AC026E9711B00AECF1A /* GameStorageWithUserDefaults.swift */ = {isa = PBXFileReference; lastKnownFileType = sourcecode.swift; path = GameStorageWithUserDefaults.swift; sourceTree = "<group>"; };
		619281D226E4347F00F6450F /* GameConfiguration.swift */ = {isa = PBXFileReference; lastKnownFileType = sourcecode.swift; path = GameConfiguration.swift; sourceTree = "<group>"; };
		61D4FBA126DFFC6100258861 /* GameConfigurationView.swift */ = {isa = PBXFileReference; lastKnownFileType = sourcecode.swift; path = GameConfigurationView.swift; sourceTree = "<group>"; };
		61D4FBA326DFFC8000258861 /* GameConfigurationViewController.swift */ = {isa = PBXFileReference; lastKnownFileType = sourcecode.swift; path = GameConfigurationViewController.swift; sourceTree = "<group>"; };
		61FEE71626B8AD3D00FD8D01 /* BattleDrone.app */ = {isa = PBXFileReference; explicitFileType = wrapper.application; includeInIndex = 0; path = BattleDrone.app; sourceTree = BUILT_PRODUCTS_DIR; };
		61FEE71926B8AD3D00FD8D01 /* AppDelegate.swift */ = {isa = PBXFileReference; lastKnownFileType = sourcecode.swift; path = AppDelegate.swift; sourceTree = "<group>"; };
		61FEE71B26B8AD3D00FD8D01 /* SceneDelegate.swift */ = {isa = PBXFileReference; lastKnownFileType = sourcecode.swift; path = SceneDelegate.swift; sourceTree = "<group>"; };
		61FEE72026B8AD3D00FD8D01 /* Base */ = {isa = PBXFileReference; lastKnownFileType = file.storyboard; name = Base; path = Base.lproj/Main.storyboard; sourceTree = "<group>"; };
		61FEE72226B8AD3E00FD8D01 /* Assets.xcassets */ = {isa = PBXFileReference; lastKnownFileType = folder.assetcatalog; path = Assets.xcassets; sourceTree = "<group>"; };
		61FEE72526B8AD3E00FD8D01 /* Base */ = {isa = PBXFileReference; lastKnownFileType = file.storyboard; name = Base; path = Base.lproj/LaunchScreen.storyboard; sourceTree = "<group>"; };
		61FEE72726B8AD3E00FD8D01 /* Info.plist */ = {isa = PBXFileReference; lastKnownFileType = text.plist.xml; path = Info.plist; sourceTree = "<group>"; };
		61FEE72D26B8AD9500FD8D01 /* GameViewController.swift */ = {isa = PBXFileReference; lastKnownFileType = sourcecode.swift; path = GameViewController.swift; sourceTree = "<group>"; };
		61FEE72F26B8AEFA00FD8D01 /* GameView.swift */ = {isa = PBXFileReference; lastKnownFileType = sourcecode.swift; path = GameView.swift; sourceTree = "<group>"; };
		61FEE73126B8C41B00FD8D01 /* GameController.swift */ = {isa = PBXFileReference; fileEncoding = 4; lastKnownFileType = sourcecode.swift; path = GameController.swift; sourceTree = "<group>"; };
		61FEE74126B8C5B900FD8D01 /* GunTurret.swift */ = {isa = PBXFileReference; fileEncoding = 4; lastKnownFileType = sourcecode.swift; path = GunTurret.swift; sourceTree = "<group>"; };
		61FEE74326B8C5C200FD8D01 /* Bullet.swift */ = {isa = PBXFileReference; fileEncoding = 4; lastKnownFileType = sourcecode.swift; path = Bullet.swift; sourceTree = "<group>"; };
		61FEE74526B8C5CB00FD8D01 /* Target.swift */ = {isa = PBXFileReference; fileEncoding = 4; lastKnownFileType = sourcecode.swift; path = Target.swift; sourceTree = "<group>"; };
		61FEE74726B8C5D300FD8D01 /* FireControl.swift */ = {isa = PBXFileReference; fileEncoding = 4; lastKnownFileType = sourcecode.swift; path = FireControl.swift; sourceTree = "<group>"; };
		61FEE74926B8C5D800FD8D01 /* FireControlView.swift */ = {isa = PBXFileReference; fileEncoding = 4; lastKnownFileType = sourcecode.swift; path = FireControlView.swift; sourceTree = "<group>"; };
		61FEE74B26B8C5DD00FD8D01 /* FireControlButton.swift */ = {isa = PBXFileReference; fileEncoding = 4; lastKnownFileType = sourcecode.swift; path = FireControlButton.swift; sourceTree = "<group>"; };
/* End PBXFileReference section */

/* Begin PBXFrameworksBuildPhase section */
		61FEE71326B8AD3D00FD8D01 /* Frameworks */ = {
			isa = PBXFrameworksBuildPhase;
			buildActionMask = 2147483647;
			files = (
			);
			runOnlyForDeploymentPostprocessing = 0;
		};
/* End PBXFrameworksBuildPhase section */

/* Begin PBXGroup section */
		617D1ABD26E9547300AECF1A /* GameStorage */ = {
			isa = PBXGroup;
			children = (
				617D1ABB26E9543F00AECF1A /* GameStorage.swift */,
				617D1AC026E9711B00AECF1A /* GameStorageWithUserDefaults.swift */,
				619281D226E4347F00F6450F /* GameConfiguration.swift */,
				617D1ABE26E95C5900AECF1A /* GameScore.swift */,
			);
			path = GameStorage;
			sourceTree = "<group>";
		};
		61D4FB9E26DFFBEB00258861 /* ViewControllers */ = {
			isa = PBXGroup;
			children = (
				61FEE72D26B8AD9500FD8D01 /* GameViewController.swift */,
				61FEE72F26B8AEFA00FD8D01 /* GameView.swift */,
				61D4FBA326DFFC8000258861 /* GameConfigurationViewController.swift */,
				61D4FBA126DFFC6100258861 /* GameConfigurationView.swift */,
			);
			path = ViewControllers;
			sourceTree = "<group>";
		};
		61FEE70D26B8AD3D00FD8D01 = {
			isa = PBXGroup;
			children = (
				61FEE71826B8AD3D00FD8D01 /* BattleDrone */,
				61FEE71726B8AD3D00FD8D01 /* Products */,
			);
			sourceTree = "<group>";
		};
		61FEE71726B8AD3D00FD8D01 /* Products */ = {
			isa = PBXGroup;
			children = (
				61FEE71626B8AD3D00FD8D01 /* BattleDrone.app */,
			);
			name = Products;
			sourceTree = "<group>";
		};
		61FEE71826B8AD3D00FD8D01 /* BattleDrone */ = {
			isa = PBXGroup;
			children = (
				61FEE71926B8AD3D00FD8D01 /* AppDelegate.swift */,
				61FEE71B26B8AD3D00FD8D01 /* SceneDelegate.swift */,
				61FEE73126B8C41B00FD8D01 /* GameController.swift */,
				617D1ABD26E9547300AECF1A /* GameStorage */,
				61D4FB9E26DFFBEB00258861 /* ViewControllers */,
				61FEE74D26B8C60800FD8D01 /* GameObjects */,
				61FEE74E26B8C61500FD8D01 /* FireControl */,
				61FEE71F26B8AD3D00FD8D01 /* Main.storyboard */,
				61FEE72226B8AD3E00FD8D01 /* Assets.xcassets */,
				61FEE72426B8AD3E00FD8D01 /* LaunchScreen.storyboard */,
				61FEE72726B8AD3E00FD8D01 /* Info.plist */,
			);
			path = BattleDrone;
			sourceTree = "<group>";
		};
		61FEE74D26B8C60800FD8D01 /* GameObjects */ = {
			isa = PBXGroup;
			children = (
				61FEE74126B8C5B900FD8D01 /* GunTurret.swift */,
				61FEE74326B8C5C200FD8D01 /* Bullet.swift */,
				61FEE74526B8C5CB00FD8D01 /* Target.swift */,
			);
			path = GameObjects;
			sourceTree = "<group>";
		};
		61FEE74E26B8C61500FD8D01 /* FireControl */ = {
			isa = PBXGroup;
			children = (
				61FEE74726B8C5D300FD8D01 /* FireControl.swift */,
				61FEE74926B8C5D800FD8D01 /* FireControlView.swift */,
				61FEE74B26B8C5DD00FD8D01 /* FireControlButton.swift */,
			);
			path = FireControl;
			sourceTree = "<group>";
		};
/* End PBXGroup section */

/* Begin PBXNativeTarget section */
		61FEE71526B8AD3D00FD8D01 /* BattleDrone */ = {
			isa = PBXNativeTarget;
			buildConfigurationList = 61FEE72A26B8AD3E00FD8D01 /* Build configuration list for PBXNativeTarget "BattleDrone" */;
			buildPhases = (
				61FEE71226B8AD3D00FD8D01 /* Sources */,
				61FEE71326B8AD3D00FD8D01 /* Frameworks */,
				61FEE71426B8AD3D00FD8D01 /* Resources */,
			);
			buildRules = (
			);
			dependencies = (
			);
			name = BattleDrone;
			productName = BattleDrone;
			productReference = 61FEE71626B8AD3D00FD8D01 /* BattleDrone.app */;
			productType = "com.apple.product-type.application";
		};
/* End PBXNativeTarget section */

/* Begin PBXProject section */
		61FEE70E26B8AD3D00FD8D01 /* Project object */ = {
			isa = PBXProject;
			attributes = {
				LastSwiftUpdateCheck = 1250;
				LastUpgradeCheck = 1250;
				TargetAttributes = {
					61FEE71526B8AD3D00FD8D01 = {
						CreatedOnToolsVersion = 12.5.1;
					};
				};
			};
			buildConfigurationList = 61FEE71126B8AD3D00FD8D01 /* Build configuration list for PBXProject "BattleDrone" */;
			compatibilityVersion = "Xcode 9.3";
			developmentRegion = en;
			hasScannedForEncodings = 0;
			knownRegions = (
				en,
				Base,
			);
			mainGroup = 61FEE70D26B8AD3D00FD8D01;
			productRefGroup = 61FEE71726B8AD3D00FD8D01 /* Products */;
			projectDirPath = "";
			projectRoot = "";
			targets = (
				61FEE71526B8AD3D00FD8D01 /* BattleDrone */,
			);
		};
/* End PBXProject section */

/* Begin PBXResourcesBuildPhase section */
		61FEE71426B8AD3D00FD8D01 /* Resources */ = {
			isa = PBXResourcesBuildPhase;
			buildActionMask = 2147483647;
			files = (
				61FEE72626B8AD3E00FD8D01 /* LaunchScreen.storyboard in Resources */,
				61FEE72326B8AD3E00FD8D01 /* Assets.xcassets in Resources */,
				61FEE72126B8AD3D00FD8D01 /* Main.storyboard in Resources */,
			);
			runOnlyForDeploymentPostprocessing = 0;
		};
/* End PBXResourcesBuildPhase section */

/* Begin PBXSourcesBuildPhase section */
		61FEE71226B8AD3D00FD8D01 /* Sources */ = {
			isa = PBXSourcesBuildPhase;
			buildActionMask = 2147483647;
			files = (
				617D1ABF26E95C5900AECF1A /* GameScore.swift in Sources */,
				61FEE72E26B8AD9500FD8D01 /* GameViewController.swift in Sources */,
				617D1ABC26E9543F00AECF1A /* GameStorage.swift in Sources */,
				617D1AC126E9711B00AECF1A /* GameStorageWithUserDefaults.swift in Sources */,
				61FEE74826B8C5D300FD8D01 /* FireControl.swift in Sources */,
				61FEE74C26B8C5DD00FD8D01 /* FireControlButton.swift in Sources */,
				61FEE73226B8C41B00FD8D01 /* GameController.swift in Sources */,
				61FEE71A26B8AD3D00FD8D01 /* AppDelegate.swift in Sources */,
				61FEE74426B8C5C200FD8D01 /* Bullet.swift in Sources */,
				61D4FBA226DFFC6100258861 /* GameConfigurationView.swift in Sources */,
				61FEE73026B8AEFA00FD8D01 /* GameView.swift in Sources */,
				619281D326E4347F00F6450F /* GameConfiguration.swift in Sources */,
				61FEE74226B8C5B900FD8D01 /* GunTurret.swift in Sources */,
				61D4FBA426DFFC8000258861 /* GameConfigurationViewController.swift in Sources */,
				61FEE74626B8C5CB00FD8D01 /* Target.swift in Sources */,
				61FEE74A26B8C5D800FD8D01 /* FireControlView.swift in Sources */,
				61FEE71C26B8AD3D00FD8D01 /* SceneDelegate.swift in Sources */,
			);
			runOnlyForDeploymentPostprocessing = 0;
		};
/* End PBXSourcesBuildPhase section */

/* Begin PBXVariantGroup section */
		61FEE71F26B8AD3D00FD8D01 /* Main.storyboard */ = {
			isa = PBXVariantGroup;
			children = (
				61FEE72026B8AD3D00FD8D01 /* Base */,
			);
			name = Main.storyboard;
			sourceTree = "<group>";
		};
		61FEE72426B8AD3E00FD8D01 /* LaunchScreen.storyboard */ = {
			isa = PBXVariantGroup;
			children = (
				61FEE72526B8AD3E00FD8D01 /* Base */,
			);
			name = LaunchScreen.storyboard;
			sourceTree = "<group>";
		};
/* End PBXVariantGroup section */

/* Begin XCBuildConfiguration section */
		61FEE72826B8AD3E00FD8D01 /* Debug */ = {
			isa = XCBuildConfiguration;
			buildSettings = {
				ALWAYS_SEARCH_USER_PATHS = NO;
				CLANG_ANALYZER_NONNULL = YES;
				CLANG_ANALYZER_NUMBER_OBJECT_CONVERSION = YES_AGGRESSIVE;
				CLANG_CXX_LANGUAGE_STANDARD = "gnu++14";
				CLANG_CXX_LIBRARY = "libc++";
				CLANG_ENABLE_MODULES = YES;
				CLANG_ENABLE_OBJC_ARC = YES;
				CLANG_ENABLE_OBJC_WEAK = YES;
				CLANG_WARN_BLOCK_CAPTURE_AUTORELEASING = YES;
				CLANG_WARN_BOOL_CONVERSION = YES;
				CLANG_WARN_COMMA = YES;
				CLANG_WARN_CONSTANT_CONVERSION = YES;
				CLANG_WARN_DEPRECATED_OBJC_IMPLEMENTATIONS = YES;
				CLANG_WARN_DIRECT_OBJC_ISA_USAGE = YES_ERROR;
				CLANG_WARN_DOCUMENTATION_COMMENTS = YES;
				CLANG_WARN_EMPTY_BODY = YES;
				CLANG_WARN_ENUM_CONVERSION = YES;
				CLANG_WARN_INFINITE_RECURSION = YES;
				CLANG_WARN_INT_CONVERSION = YES;
				CLANG_WARN_NON_LITERAL_NULL_CONVERSION = YES;
				CLANG_WARN_OBJC_IMPLICIT_RETAIN_SELF = YES;
				CLANG_WARN_OBJC_LITERAL_CONVERSION = YES;
				CLANG_WARN_OBJC_ROOT_CLASS = YES_ERROR;
				CLANG_WARN_QUOTED_INCLUDE_IN_FRAMEWORK_HEADER = YES;
				CLANG_WARN_RANGE_LOOP_ANALYSIS = YES;
				CLANG_WARN_STRICT_PROTOTYPES = YES;
				CLANG_WARN_SUSPICIOUS_MOVE = YES;
				CLANG_WARN_UNGUARDED_AVAILABILITY = YES_AGGRESSIVE;
				CLANG_WARN_UNREACHABLE_CODE = YES;
				CLANG_WARN__DUPLICATE_METHOD_MATCH = YES;
				COPY_PHASE_STRIP = NO;
				DEBUG_INFORMATION_FORMAT = dwarf;
				ENABLE_STRICT_OBJC_MSGSEND = YES;
				ENABLE_TESTABILITY = YES;
				GCC_C_LANGUAGE_STANDARD = gnu11;
				GCC_DYNAMIC_NO_PIC = NO;
				GCC_NO_COMMON_BLOCKS = YES;
				GCC_OPTIMIZATION_LEVEL = 0;
				GCC_PREPROCESSOR_DEFINITIONS = (
					"DEBUG=1",
					"$(inherited)",
				);
				GCC_WARN_64_TO_32_BIT_CONVERSION = YES;
				GCC_WARN_ABOUT_RETURN_TYPE = YES_ERROR;
				GCC_WARN_UNDECLARED_SELECTOR = YES;
				GCC_WARN_UNINITIALIZED_AUTOS = YES_AGGRESSIVE;
				GCC_WARN_UNUSED_FUNCTION = YES;
				GCC_WARN_UNUSED_VARIABLE = YES;
				IPHONEOS_DEPLOYMENT_TARGET = 14.5;
				MTL_ENABLE_DEBUG_INFO = INCLUDE_SOURCE;
				MTL_FAST_MATH = YES;
				ONLY_ACTIVE_ARCH = YES;
				SDKROOT = iphoneos;
				SWIFT_ACTIVE_COMPILATION_CONDITIONS = DEBUG;
				SWIFT_OPTIMIZATION_LEVEL = "-Onone";
			};
			name = Debug;
		};
		61FEE72926B8AD3E00FD8D01 /* Release */ = {
			isa = XCBuildConfiguration;
			buildSettings = {
				ALWAYS_SEARCH_USER_PATHS = NO;
				CLANG_ANALYZER_NONNULL = YES;
				CLANG_ANALYZER_NUMBER_OBJECT_CONVERSION = YES_AGGRESSIVE;
				CLANG_CXX_LANGUAGE_STANDARD = "gnu++14";
				CLANG_CXX_LIBRARY = "libc++";
				CLANG_ENABLE_MODULES = YES;
				CLANG_ENABLE_OBJC_ARC = YES;
				CLANG_ENABLE_OBJC_WEAK = YES;
				CLANG_WARN_BLOCK_CAPTURE_AUTORELEASING = YES;
				CLANG_WARN_BOOL_CONVERSION = YES;
				CLANG_WARN_COMMA = YES;
				CLANG_WARN_CONSTANT_CONVERSION = YES;
				CLANG_WARN_DEPRECATED_OBJC_IMPLEMENTATIONS = YES;
				CLANG_WARN_DIRECT_OBJC_ISA_USAGE = YES_ERROR;
				CLANG_WARN_DOCUMENTATION_COMMENTS = YES;
				CLANG_WARN_EMPTY_BODY = YES;
				CLANG_WARN_ENUM_CONVERSION = YES;
				CLANG_WARN_INFINITE_RECURSION = YES;
				CLANG_WARN_INT_CONVERSION = YES;
				CLANG_WARN_NON_LITERAL_NULL_CONVERSION = YES;
				CLANG_WARN_OBJC_IMPLICIT_RETAIN_SELF = YES;
				CLANG_WARN_OBJC_LITERAL_CONVERSION = YES;
				CLANG_WARN_OBJC_ROOT_CLASS = YES_ERROR;
				CLANG_WARN_QUOTED_INCLUDE_IN_FRAMEWORK_HEADER = YES;
				CLANG_WARN_RANGE_LOOP_ANALYSIS = YES;
				CLANG_WARN_STRICT_PROTOTYPES = YES;
				CLANG_WARN_SUSPICIOUS_MOVE = YES;
				CLANG_WARN_UNGUARDED_AVAILABILITY = YES_AGGRESSIVE;
				CLANG_WARN_UNREACHABLE_CODE = YES;
				CLANG_WARN__DUPLICATE_METHOD_MATCH = YES;
				COPY_PHASE_STRIP = NO;
				DEBUG_INFORMATION_FORMAT = "dwarf-with-dsym";
				ENABLE_NS_ASSERTIONS = NO;
				ENABLE_STRICT_OBJC_MSGSEND = YES;
				GCC_C_LANGUAGE_STANDARD = gnu11;
				GCC_NO_COMMON_BLOCKS = YES;
				GCC_WARN_64_TO_32_BIT_CONVERSION = YES;
				GCC_WARN_ABOUT_RETURN_TYPE = YES_ERROR;
				GCC_WARN_UNDECLARED_SELECTOR = YES;
				GCC_WARN_UNINITIALIZED_AUTOS = YES_AGGRESSIVE;
				GCC_WARN_UNUSED_FUNCTION = YES;
				GCC_WARN_UNUSED_VARIABLE = YES;
				IPHONEOS_DEPLOYMENT_TARGET = 14.5;
				MTL_ENABLE_DEBUG_INFO = NO;
				MTL_FAST_MATH = YES;
				SDKROOT = iphoneos;
				SWIFT_COMPILATION_MODE = wholemodule;
				SWIFT_OPTIMIZATION_LEVEL = "-O";
				VALIDATE_PRODUCT = YES;
			};
			name = Release;
		};
		61FEE72B26B8AD3E00FD8D01 /* Debug */ = {
			isa = XCBuildConfiguration;
			buildSettings = {
				ASSETCATALOG_COMPILER_APPICON_NAME = AppIcon;
				ASSETCATALOG_COMPILER_GLOBAL_ACCENT_COLOR_NAME = AccentColor;
				CODE_SIGN_STYLE = Automatic;
				DEVELOPMENT_TEAM = V58N7MW683;
				INFOPLIST_FILE = BattleDrone/Info.plist;
				LD_RUNPATH_SEARCH_PATHS = (
					"$(inherited)",
					"@executable_path/Frameworks",
				);
				PRODUCT_BUNDLE_IDENTIFIER = AY.BattleDrone;
				PRODUCT_NAME = "$(TARGET_NAME)";
				SWIFT_VERSION = 5.0;
				TARGETED_DEVICE_FAMILY = "1,2";
			};
			name = Debug;
		};
		61FEE72C26B8AD3E00FD8D01 /* Release */ = {
			isa = XCBuildConfiguration;
			buildSettings = {
				ASSETCATALOG_COMPILER_APPICON_NAME = AppIcon;
				ASSETCATALOG_COMPILER_GLOBAL_ACCENT_COLOR_NAME = AccentColor;
				CODE_SIGN_STYLE = Automatic;
				DEVELOPMENT_TEAM = V58N7MW683;
				INFOPLIST_FILE = BattleDrone/Info.plist;
				LD_RUNPATH_SEARCH_PATHS = (
					"$(inherited)",
					"@executable_path/Frameworks",
				);
				PRODUCT_BUNDLE_IDENTIFIER = AY.BattleDrone;
				PRODUCT_NAME = "$(TARGET_NAME)";
				SWIFT_VERSION = 5.0;
				TARGETED_DEVICE_FAMILY = "1,2";
			};
			name = Release;
		};
/* End XCBuildConfiguration section */

/* Begin XCConfigurationList section */
		61FEE71126B8AD3D00FD8D01 /* Build configuration list for PBXProject "BattleDrone" */ = {
			isa = XCConfigurationList;
			buildConfigurations = (
				61FEE72826B8AD3E00FD8D01 /* Debug */,
				61FEE72926B8AD3E00FD8D01 /* Release */,
			);
			defaultConfigurationIsVisible = 0;
			defaultConfigurationName = Release;
		};
		61FEE72A26B8AD3E00FD8D01 /* Build configuration list for PBXNativeTarget "BattleDrone" */ = {
			isa = XCConfigurationList;
			buildConfigurations = (
				61FEE72B26B8AD3E00FD8D01 /* Debug */,
				61FEE72C26B8AD3E00FD8D01 /* Release */,
			);
			defaultConfigurationIsVisible = 0;
			defaultConfigurationName = Release;
		};
/* End XCConfigurationList section */
	};
	rootObject = 61FEE70E26B8AD3D00FD8D01 /* Project object */;
}
